
Microsoft Visual Studio Solution File, Format Version 12.00
# Visual Studio 15
VisualStudioVersion = 15.0.28307.1062
MinimumVisualStudioVersion = 10.0.40219.1
Project("{FAE04EC0-301F-11D3-BF4B-00C04F79EFBC}") = "WebApp", "WebApp\WebApp.csproj", "{BF6E105A-8049-4F01-A3B7-40F7270FF579}"
EndProject
Global
	GlobalSection(SolutionConfigurationPlatforms) = preSolution
		Debug|Any CPU = Debug|Any CPU
		Release|Any CPU = Release|Any CPU
	EndGlobalSection
	GlobalSection(ProjectConfigurationPlatforms) = postSolution
		{BF6E105A-8049-4F01-A3B7-40F7270FF579}.Debug|Any CPU.ActiveCfg = Debug|Any CPU
		{BF6E105A-8049-4F01-A3B7-40F7270FF579}.Debug|Any CPU.Build.0 = Debug|Any CPU
		{BF6E105A-8049-4F01-A3B7-40F7270FF579}.Release|Any CPU.ActiveCfg = Release|Any CPU
		{BF6E105A-8049-4F01-A3B7-40F7270FF579}.Release|Any CPU.Build.0 = Release|Any CPU
	EndGlobalSection
	GlobalSection(SolutionProperties) = preSolution
		HideSolutionNode = FALSE
	EndGlobalSection
	GlobalSection(ExtensibilityGlobals) = postSolution
		SolutionGuid = {698E08EA-B9EE-4E9A-91B7-9C4643EE1BAD}
	EndGlobalSection
EndGlobal
